{
  "requires": true,
  "lockfileVersion": 1,
  "dependencies": {
    "caribou-ui": {
      "version": "0.0.1",
      "resolved": "https://registry.npmjs.org/caribou-ui/-/caribou-ui-0.0.1.tgz",
      "integrity": "sha512-mne7qdUWXaKxUt9F/05lgmC4zP51VKFj2LQQM1aybny3AOraLo6tu45LMznHRzwPF+u5YjCrxSP15Xj5kT65Hw=="
    }
  }
}
